// !$*UTF8*$!
{
	archiveVersion = 1;
	classes = {
	};
	objectVersion = 46;
	objects = {

/* Begin PBXBuildFile section */
		38812E1C1460674D00461897 /* Foundation.framework in Frameworks */ = {isa = PBXBuildFile; fileRef = 38812E1B1460674D00461897 /* Foundation.framework */; };
		38812E1F1460674D00461897 /* main.m in Sources */ = {isa = PBXBuildFile; fileRef = 38812E1E1460674D00461897 /* main.m */; };
		38812E231460674D00461897 /* Reverse.1 in CopyFiles */ = {isa = PBXBuildFile; fileRef = 38812E221460674D00461897 /* Reverse.1 */; };
/* End PBXBuildFile section */

/* Begin PBXCopyFilesBuildPhase section */
		38812E151460674D00461897 /* CopyFiles */ = {
			isa = PBXCopyFilesBuildPhase;
			buildActionMask = 2147483647;
			dstPath = /usr/share/man/man1/;
			dstSubfolderSpec = 0;
			files = (
				38812E231460674D00461897 /* Reverse.1 in CopyFiles */,
			);
			runOnlyForDeploymentPostprocessing = 1;
		};
/* End PBXCopyFilesBuildPhase section */

/* Begin PBXFileReference section */
		38812E171460674D00461897 /* Reverse */ = {isa = PBXFileReference; explicitFileType = "compiled.mach-o.executable"; includeInIndex = 0; path = Reverse; sourceTree = BUILT_PRODUCTS_DIR; };
		38812E1B1460674D00461897 /* Foundation.framework */ = {isa = PBXFileReference; lastKnownFileType = wrapper.framework; name = Foundation.framework; path = System/Library/Frameworks/Foundation.framework; sourceTree = SDKROOT; };
		38812E1E1460674D00461897 /* main.m */ = {isa = PBXFileReference; lastKnownFileType = sourcecode.c.objc; path = main.m; sourceTree = "<group>"; };
		38812E211460674D00461897 /* Reverse-Prefix.pch */ = {isa = PBXFileReference; lastKnownFileType = sourcecode.c.h; path = "Reverse-Prefix.pch"; sourceTree = "<group>"; };
		38812E221460674D00461897 /* Reverse.1 */ = {isa = PBXFileReference; lastKnownFileType = text.man; path = Reverse.1; sourceTree = "<group>"; };
/* End PBXFileReference section */

/* Begin PBXFrameworksBuildPhase section */
		38812E141460674D00461897 /* Frameworks */ = {
			isa = PBXFrameworksBuildPhase;
			buildActionMask = 2147483647;
			files = (
				38812E1C1460674D00461897 /* Foundation.framework in Frameworks */,
			);
			runOnlyForDeploymentPostprocessing = 0;
		};
/* End PBXFrameworksBuildPhase section */

/* Begin PBXGroup section */
		38812E0C1460674D00461897 = {
			isa = PBXGroup;
			children = (
				38812E1D1460674D00461897 /* Reverse */,
				38812E1A1460674D00461897 /* Frameworks */,
				38812E181460674D00461897 /* Products */,
			);
			sourceTree = "<group>";
		};
		38812E181460674D00461897 /* Products */ = {
			isa = PBXGroup;
			children = (
				38812E171460674D00461897 /* Reverse */,
			);
			name = Products;
			sourceTree = "<group>";
		};
		38812E1A1460674D00461897 /* Frameworks */ = {
			isa = PBXGroup;
			children = (
				38812E1B1460674D00461897 /* Foundation.framework */,
			);
			name = Frameworks;
			sourceTree = "<group>";
		};
		38812E1D1460674D00461897 /* Reverse */ = {
			isa = PBXGroup;
			children = (
				38812E1E1460674D00461897 /* main.m */,
				38812E221460674D00461897 /* Reverse.1 */,
				38812E201460674D00461897 /* Supporting Files */,
			);
			path = Reverse;
			sourceTree = "<group>";
		};
		38812E201460674D00461897 /* Supporting Files */ = {
			isa = PBXGroup;
			children = (
				38812E211460674D00461897 /* Reverse-Prefix.pch */,
			);
			name = "Supporting Files";
			sourceTree = "<group>";
		};
/* End PBXGroup section */

/* Begin PBXNativeTarget section */
		38812E161460674D00461897 /* Reverse */ = {
			isa = PBXNativeTarget;
			buildConfigurationList = 38812E261460674D00461897 /* Build configuration list for PBXNativeTarget "Reverse" */;
			buildPhases = (
				38812E131460674D00461897 /* Sources */,
				38812E141460674D00461897 /* Frameworks */,
				38812E151460674D00461897 /* CopyFiles */,
			);
			buildRules = (
			);
			dependencies = (
			);
			name = Reverse;
			productName = Reverse;
			productReference = 38812E171460674D00461897 /* Reverse */;
			productType = "com.apple.product-type.tool";
		};
/* End PBXNativeTarget section */

/* Begin PBXProject section */
		38812E0E1460674D00461897 /* Project object */ = {
			isa = PBXProject;
			attributes = {
				ORGANIZATIONNAME = MASSForward;
			};
			buildConfigurationList = 38812E111460674D00461897 /* Build configuration list for PBXProject "Reverse" */;
			compatibilityVersion = "Xcode 3.2";
			developmentRegion = English;
			hasScannedForEncodings = 0;
			knownRegions = (
				en,
			);
			mainGroup = 38812E0C1460674D00461897;
			productRefGroup = 38812E181460674D00461897 /* Products */;
			projectDirPath = "";
			projectRoot = "";
			targets = (
				38812E161460674D00461897 /* Reverse */,
			);
		};
/* End PBXProject section */

/* Begin PBXSourcesBuildPhase section */
		38812E131460674D00461897 /* Sources */ = {
			isa = PBXSourcesBuildPhase;
			buildActionMask = 2147483647;
			files = (
				38812E1F1460674D00461897 /* main.m in Sources */,
			);
			runOnlyForDeploymentPostprocessing = 0;
		};
/* End PBXSourcesBuildPhase section */

/* Begin XCBuildConfiguration section */
		38812E241460674D00461897 /* Debug */ = {
			isa = XCBuildConfiguration;
			buildSettings = {
				ALWAYS_SEARCH_USER_PATHS = NO;
				ARCHS = "$(ARCHS_STANDARD_64_BIT)";
				COPY_PHASE_STRIP = NO;
				GCC_C_LANGUAGE_STANDARD = gnu99;
				GCC_DYNAMIC_NO_PIC = NO;
				GCC_ENABLE_OBJC_EXCEPTIONS = YES;
				GCC_OPTIMIZATION_LEVEL = 0;
				GCC_PREPROCESSOR_DEFINITIONS = (
					"DEBUG=1",
					"$(inherited)",
				);
				GCC_SYMBOLS_PRIVATE_EXTERN = NO;
				GCC_VERSION = com.apple.compilers.llvm.clang.1_0;
				GCC_WARN_64_TO_32_BIT_CONVERSION = YES;
				GCC_WARN_ABOUT_MISSING_PROTOTYPES = YES;
				GCC_WARN_ABOUT_RETURN_TYPE = YES;
				GCC_WARN_UNUSED_VARIABLE = YES;
				MACOSX_DEPLOYMENT_TARGET = 10.7;
				ONLY_ACTIVE_ARCH = YES;
				SDKROOT = macosx;
			};
			name = Debug;
		};
		38812E251460674D00461897 /* Release */ = {
			isa = XCBuildConfiguration;
			buildSettings = {
				ALWAYS_SEARCH_USER_PATHS = NO;
				ARCHS = "$(ARCHS_STANDARD_64_BIT)";
				COPY_PHASE_STRIP = YES;
				DEBUG_INFORMATION_FORMAT = "dwarf-with-dsym";
				GCC_C_LANGUAGE_STANDARD = gnu99;
				GCC_ENABLE_OBJC_EXCEPTIONS = YES;
				GCC_VERSION = com.apple.compilers.llvm.clang.1_0;
				GCC_WARN_64_TO_32_BIT_CONVERSION = YES;
				GCC_WARN_ABOUT_MISSING_PROTOTYPES = YES;
				GCC_WARN_ABOUT_RETURN_TYPE = YES;
				GCC_WARN_UNUSED_VARIABLE = YES;
				MACOSX_DEPLOYMENT_TARGET = 10.7;
				SDKROOT = macosx;
			};
			name = Release;
		};
		38812E271460674D00461897 /* Debug */ = {
			isa = XCBuildConfiguration;
			buildSettings = {
				GCC_PRECOMPILE_PREFIX_HEADER = YES;
				GCC_PREFIX_HEADER = "Reverse/Reverse-Prefix.pch";
				PRODUCT_NAME = "$(TARGET_NAME)";
			};
			name = Debug;
		};
		38812E281460674D00461897 /* Release */ = {
			isa = XCBuildConfiguration;
			buildSettings = {
				GCC_PRECOMPILE_PREFIX_HEADER = YES;
				GCC_PREFIX_HEADER = "Reverse/Reverse-Prefix.pch";
				PRODUCT_NAME = "$(TARGET_NAME)";
			};
			name = Release;
		};
/* End XCBuildConfiguration section */

/* Begin XCConfigurationList section */
		38812E111460674D00461897 /* Build configuration list for PBXProject "Reverse" */ = {
			isa = XCConfigurationList;
			buildConfigurations = (
				38812E241460674D00461897 /* Debug */,
				38812E251460674D00461897 /* Release */,
			);
			defaultConfigurationIsVisible = 0;
			defaultConfigurationName = Release;
		};
		38812E261460674D00461897 /* Build configuration list for PBXNativeTarget "Reverse" */ = {
			isa = XCConfigurationList;
			buildConfigurations = (
				38812E271460674D00461897 /* Debug */,
				38812E281460674D00461897 /* Release */,
			);
			defaultConfigurationIsVisible = 0;
		};
/* End XCConfigurationList section */
	};
	rootObject = 38812E0E1460674D00461897 /* Project object */;
}
